
Microsoft Visual Studio Solution File, Format Version 12.00
# Visual Studio Version 16
VisualStudioVersion = 16.0.29424.173
MinimumVisualStudioVersion = 10.0.40219.1
Project("{FAE04EC0-301F-11D3-BF4B-00C04F79EFBC}") = "DeveImageOptimizerWPF", "DeveImageOptimizerWPF\DeveImageOptimizerWPF.csproj", "{01AB1C40-C596-4D29-AFB8-B6DD31586DFC}"
EndProject
Global
	GlobalSection(SolutionConfigurationPlatforms) = preSolution
		Debug|Any CPU = Debug|Any CPU
		Release|Any CPU = Release|Any CPU
	EndGlobalSection
	GlobalSection(ProjectConfigurationPlatforms) = postSolution
		{01AB1C40-C596-4D29-AFB8-B6DD31586DFC}.Debug|Any CPU.ActiveCfg = Debug|Any CPU
		{01AB1C40-C596-4D29-AFB8-B6DD31586DFC}.Debug|Any CPU.Build.0 = Debug|Any CPU
		{01AB1C40-C596-4D29-AFB8-B6DD31586DFC}.Release|Any CPU.ActiveCfg = Release|Any CPU
		{01AB1C40-C596-4D29-AFB8-B6DD31586DFC}.Release|Any CPU.Build.0 = Release|Any CPU
	EndGlobalSection
	GlobalSection(SolutionProperties) = preSolution
		HideSolutionNode = FALSE
	EndGlobalSection
	GlobalSection(ExtensibilityGlobals) = postSolution
		SolutionGuid = {DEA46556-432B-433E-B6BB-2B1C85451DC3}
	EndGlobalSection
EndGlobal
